<?xml version="1.0" encoding="utf-8"?>
<Project ToolsVersion="4.0" xmlns="http://schemas.microsoft.com/developer/msbuild/2003">
  <ItemGroup>
    <Filter Include="system">
      <UniqueIdentifier>{22dd8095-74f9-46df-81a1-36675a040b1f}</UniqueIdentifier>
    </Filter>
    <Filter Include="Actor">
      <UniqueIdentifier>{7d147e37-599f-4b53-89d8-17b5422abdf5}</UniqueIdentifier>
    </Filter>
    <Filter Include="Actor\Stage">
      <UniqueIdentifier>{b6d1d32c-0855-47d1-bdff-12ff06d32a13}</UniqueIdentifier>
    </Filter>
  </ItemGroup>
  <ItemGroup>
    <ClCompile Include="stdafx.cpp" />
    <ClCompile Include="main.cpp" />
    <ClCompile Include="system\system.cpp">
      <Filter>system</Filter>
    </ClCompile>
    <ClCompile Include="Game.cpp" />
    <ClCompile Include="Source\Actor\Actor.cpp">
      <Filter>Actor</Filter>
    </ClCompile>
    <ClCompile Include="Source\Actor\Stage\StageData.cpp">
      <Filter>Actor\Stage</Filter>
    </ClCompile>
    <ClCompile Include="Source\Actor\Stage\StageManager.cpp">
      <Filter>Actor\Stage</Filter>
    </ClCompile>
    <ClCompile Include="Source\Actor\Stage\StageManagerObject.cpp">
      <Filter>Actor\Stage</Filter>
    </ClCompile>
  </ItemGroup>
  <ItemGroup>
    <ClInclude Include="stdafx.h" />
    <ClInclude Include="system\system.h">
      <Filter>system</Filter>
    </ClInclude>
    <ClInclude Include="Game.h" />
    <ClInclude Include="Source\Actor\Actor.h">
      <Filter>Actor</Filter>
    </ClInclude>
    <ClInclude Include="Source\Actor\Stage\StageData.h">
      <Filter>Actor\Stage</Filter>
    </ClInclude>
    <ClInclude Include="Source\Actor\Stage\StageManager.h">
      <Filter>Actor\Stage</Filter>
    </ClInclude>
    <ClInclude Include="Source\Actor\Stage\StageManagerObject.h">
      <Filter>Actor\Stage</Filter>
    </ClInclude>
  </ItemGroup>
</Project>